
Microsoft Visual Studio Solution File, Format Version 12.00
# Visual Studio Version 17
VisualStudioVersion = 17.11.35303.130
MinimumVisualStudioVersion = 10.0.40219.1
Project("{9A19103F-16F7-4668-BE54-9A1E7A4F7556}") = "MudBlazorWebApp240916", "MudBlazorWebApp240916\MudBlazorWebApp240916\MudBlazorWebApp240916.csproj", "{CC6C329B-A709-4682-AA12-1D3E617AC200}"
EndProject
Project("{9A19103F-16F7-4668-BE54-9A1E7A4F7556}") = "MudBlazorWebApp240916.Client", "MudBlazorWebApp240916\MudBlazorWebApp240916.Client\MudBlazorWebApp240916.Client.csproj", "{06EB623B-7289-4E70-924F-2373EB97094A}"
EndProject
Project("{FAE04EC0-301F-11D3-BF4B-00C04F79EFBC}") = "MudBlazorWebApp240916.Shared", "ClassLibrary1\MudBlazorWebApp240916.Shared.csproj", "{B1467F30-3D2E-45CB-A5FE-8E77DAE69957}"
EndProject
Global
	GlobalSection(SolutionConfigurationPlatforms) = preSolution
		Debug|Any CPU = Debug|Any CPU
		Debug|arm64 = Debug|arm64
		Debug|x86 = Debug|x86
		Release|Any CPU = Release|Any CPU
		Release|arm64 = Release|arm64
		Release|x86 = Release|x86
	EndGlobalSection
	GlobalSection(ProjectConfigurationPlatforms) = postSolution
		{CC6C329B-A709-4682-AA12-1D3E617AC200}.Debug|Any CPU.ActiveCfg = Debug|Any CPU
		{CC6C329B-A709-4682-AA12-1D3E617AC200}.Debug|Any CPU.Build.0 = Debug|Any CPU
		{CC6C329B-A709-4682-AA12-1D3E617AC200}.Debug|arm64.ActiveCfg = Debug|Any CPU
		{CC6C329B-A709-4682-AA12-1D3E617AC200}.Debug|arm64.Build.0 = Debug|Any CPU
		{CC6C329B-A709-4682-AA12-1D3E617AC200}.Debug|x86.ActiveCfg = Debug|Any CPU
		{CC6C329B-A709-4682-AA12-1D3E617AC200}.Debug|x86.Build.0 = Debug|Any CPU
		{CC6C329B-A709-4682-AA12-1D3E617AC200}.Release|Any CPU.ActiveCfg = Release|Any CPU
		{CC6C329B-A709-4682-AA12-1D3E617AC200}.Release|Any CPU.Build.0 = Release|Any CPU
		{CC6C329B-A709-4682-AA12-1D3E617AC200}.Release|arm64.ActiveCfg = Release|Any CPU
		{CC6C329B-A709-4682-AA12-1D3E617AC200}.Release|arm64.Build.0 = Release|Any CPU
		{CC6C329B-A709-4682-AA12-1D3E617AC200}.Release|x86.ActiveCfg = Release|Any CPU
		{CC6C329B-A709-4682-AA12-1D3E617AC200}.Release|x86.Build.0 = Release|Any CPU
		{06EB623B-7289-4E70-924F-2373EB97094A}.Debug|Any CPU.ActiveCfg = Debug|Any CPU
		{06EB623B-7289-4E70-924F-2373EB97094A}.Debug|Any CPU.Build.0 = Debug|Any CPU
		{06EB623B-7289-4E70-924F-2373EB97094A}.Debug|arm64.ActiveCfg = Debug|Any CPU
		{06EB623B-7289-4E70-924F-2373EB97094A}.Debug|arm64.Build.0 = Debug|Any CPU
		{06EB623B-7289-4E70-924F-2373EB97094A}.Debug|x86.ActiveCfg = Debug|Any CPU
		{06EB623B-7289-4E70-924F-2373EB97094A}.Debug|x86.Build.0 = Debug|Any CPU
		{06EB623B-7289-4E70-924F-2373EB97094A}.Release|Any CPU.ActiveCfg = Release|Any CPU
		{06EB623B-7289-4E70-924F-2373EB97094A}.Release|Any CPU.Build.0 = Release|Any CPU
		{06EB623B-7289-4E70-924F-2373EB97094A}.Release|arm64.ActiveCfg = Release|Any CPU
		{06EB623B-7289-4E70-924F-2373EB97094A}.Release|arm64.Build.0 = Release|Any CPU
		{06EB623B-7289-4E70-924F-2373EB97094A}.Release|x86.ActiveCfg = Release|Any CPU
		{06EB623B-7289-4E70-924F-2373EB97094A}.Release|x86.Build.0 = Release|Any CPU
		{B1467F30-3D2E-45CB-A5FE-8E77DAE69957}.Debug|Any CPU.ActiveCfg = Debug|Any CPU
		{B1467F30-3D2E-45CB-A5FE-8E77DAE69957}.Debug|Any CPU.Build.0 = Debug|Any CPU
		{B1467F30-3D2E-45CB-A5FE-8E77DAE69957}.Debug|arm64.ActiveCfg = Debug|Any CPU
		{B1467F30-3D2E-45CB-A5FE-8E77DAE69957}.Debug|arm64.Build.0 = Debug|Any CPU
		{B1467F30-3D2E-45CB-A5FE-8E77DAE69957}.Debug|x86.ActiveCfg = Debug|Any CPU
		{B1467F30-3D2E-45CB-A5FE-8E77DAE69957}.Debug|x86.Build.0 = Debug|Any CPU
		{B1467F30-3D2E-45CB-A5FE-8E77DAE69957}.Release|Any CPU.ActiveCfg = Release|Any CPU
		{B1467F30-3D2E-45CB-A5FE-8E77DAE69957}.Release|Any CPU.Build.0 = Release|Any CPU
		{B1467F30-3D2E-45CB-A5FE-8E77DAE69957}.Release|arm64.ActiveCfg = Release|Any CPU
		{B1467F30-3D2E-45CB-A5FE-8E77DAE69957}.Release|arm64.Build.0 = Release|Any CPU
		{B1467F30-3D2E-45CB-A5FE-8E77DAE69957}.Release|x86.ActiveCfg = Release|Any CPU
		{B1467F30-3D2E-45CB-A5FE-8E77DAE69957}.Release|x86.Build.0 = Release|Any CPU
	EndGlobalSection
	GlobalSection(SolutionProperties) = preSolution
		HideSolutionNode = FALSE
	EndGlobalSection
	GlobalSection(ExtensibilityGlobals) = postSolution
		SolutionGuid = {280023BE-ACED-430E-87C5-B12CCCEB0D67}
	EndGlobalSection
EndGlobal
