
Microsoft Visual Studio Solution File, Format Version 12.00
# Visual Studio Version 17
VisualStudioVersion = 17.11.35219.272
MinimumVisualStudioVersion = 10.0.40219.1
Project("{9A19103F-16F7-4668-BE54-9A1E7A4F7556}") = "BlazorApp_arduinoSearch_240824_01", "BlazorApp_arduinoSearch_240824_01.csproj", "{B772D7AA-D301-42EA-890F-04B725EE5F18}"
EndProject
Project("{FAE04EC0-301F-11D3-BF4B-00C04F79EFBC}") = "BlazorWebAssemblyWithUnity", "..\BlazorWebAssemblyWithUnity\BlazorWebAssemblyWithUnity.csproj", "{067736E5-9432-4C19-AB56-005BFBBF3227}"
EndProject
Global
	GlobalSection(SolutionConfigurationPlatforms) = preSolution
		Debug|Any CPU = Debug|Any CPU
		Release|Any CPU = Release|Any CPU
	EndGlobalSection
	GlobalSection(ProjectConfigurationPlatforms) = postSolution
		{B772D7AA-D301-42EA-890F-04B725EE5F18}.Debug|Any CPU.ActiveCfg = Debug|Any CPU
		{B772D7AA-D301-42EA-890F-04B725EE5F18}.Debug|Any CPU.Build.0 = Debug|Any CPU
		{B772D7AA-D301-42EA-890F-04B725EE5F18}.Release|Any CPU.ActiveCfg = Release|Any CPU
		{B772D7AA-D301-42EA-890F-04B725EE5F18}.Release|Any CPU.Build.0 = Release|Any CPU
		{067736E5-9432-4C19-AB56-005BFBBF3227}.Debug|Any CPU.ActiveCfg = Debug|Any CPU
		{067736E5-9432-4C19-AB56-005BFBBF3227}.Debug|Any CPU.Build.0 = Debug|Any CPU
		{067736E5-9432-4C19-AB56-005BFBBF3227}.Release|Any CPU.ActiveCfg = Release|Any CPU
		{067736E5-9432-4C19-AB56-005BFBBF3227}.Release|Any CPU.Build.0 = Release|Any CPU
	EndGlobalSection
	GlobalSection(SolutionProperties) = preSolution
		HideSolutionNode = FALSE
	EndGlobalSection
	GlobalSection(ExtensibilityGlobals) = postSolution
		SolutionGuid = {CDF7B7C1-616B-432D-97D4-ABC16DAE3568}
	EndGlobalSection
EndGlobal
